// !$*UTF8*$!
{
	archiveVersion = 1;
	classes = {
	};
	objectVersion = 77;
	objects = {

/* Begin PBXBuildFile section */
		372E33812DF9ABC40063F2BC /* OpenFeature in Frameworks */ = {isa = PBXBuildFile; productRef = 372E33802DF9ABC40063F2BC /* OpenFeature */; };
		37C90F202DFEE35F005A1049 /* README.md in Resources */ = {isa = PBXBuildFile; fileRef = 37C90F1F2DFEE357005A1049 /* README.md */; };
		37C90F4A2DFF19C3005A1049 /* Config.xcconfig in Resources */ = {isa = PBXBuildFile; fileRef = 37C90F492DFF19C3005A1049 /* Config.xcconfig */; };
/* End PBXBuildFile section */

/* Begin PBXContainerItemProxy section */
		372E33632DF9A9320063F2BC /* PBXContainerItemProxy */ = {
			isa = PBXContainerItemProxy;
			containerPortal = 372E334D2DF9A92F0063F2BC /* Project object */;
			proxyType = 1;
			remoteGlobalIDString = 372E33542DF9A9300063F2BC;
			remoteInfo = OpenFeaturePoC;
		};
		372E336D2DF9A9320063F2BC /* PBXContainerItemProxy */ = {
			isa = PBXContainerItemProxy;
			containerPortal = 372E334D2DF9A92F0063F2BC /* Project object */;
			proxyType = 1;
			remoteGlobalIDString = 372E33542DF9A9300063F2BC;
			remoteInfo = OpenFeaturePoC;
		};
/* End PBXContainerItemProxy section */

/* Begin PBXFileReference section */
		372E33552DF9A9300063F2BC /* OpenFeaturePoC.app */ = {isa = PBXFileReference; explicitFileType = wrapper.application; includeInIndex = 0; path = OpenFeaturePoC.app; sourceTree = BUILT_PRODUCTS_DIR; };
		372E33622DF9A9320063F2BC /* OpenFeaturePoCTests.xctest */ = {isa = PBXFileReference; explicitFileType = wrapper.cfbundle; includeInIndex = 0; path = OpenFeaturePoCTests.xctest; sourceTree = BUILT_PRODUCTS_DIR; };
		372E336C2DF9A9320063F2BC /* OpenFeaturePoCUITests.xctest */ = {isa = PBXFileReference; explicitFileType = wrapper.cfbundle; includeInIndex = 0; path = OpenFeaturePoCUITests.xctest; sourceTree = BUILT_PRODUCTS_DIR; };
		37C90F1F2DFEE357005A1049 /* README.md */ = {isa = PBXFileReference; lastKnownFileType = net.daringfireball.markdown; path = README.md; sourceTree = "<group>"; };
		37C90F492DFF19C3005A1049 /* Config.xcconfig */ = {isa = PBXFileReference; lastKnownFileType = text.xcconfig; path = Config.xcconfig; sourceTree = "<group>"; };
/* End PBXFileReference section */

/* Begin PBXFileSystemSynchronizedBuildFileExceptionSet section */
		37C90F4F2DFF3CD3005A1049 /* Exceptions for "OpenFeaturePoC" folder in "OpenFeaturePoC" target */ = {
			isa = PBXFileSystemSynchronizedBuildFileExceptionSet;
			membershipExceptions = (
				Info.plist,
			);
			target = 372E33542DF9A9300063F2BC /* OpenFeaturePoC */;
		};
/* End PBXFileSystemSynchronizedBuildFileExceptionSet section */

/* Begin PBXFileSystemSynchronizedRootGroup section */
		372E33572DF9A9300063F2BC /* OpenFeaturePoC */ = {
			isa = PBXFileSystemSynchronizedRootGroup;
			exceptions = (
				37C90F4F2DFF3CD3005A1049 /* Exceptions for "OpenFeaturePoC" folder in "OpenFeaturePoC" target */,
			);
			path = OpenFeaturePoC;
			sourceTree = "<group>";
		};
		372E33652DF9A9320063F2BC /* OpenFeaturePoCTests */ = {
			isa = PBXFileSystemSynchronizedRootGroup;
			path = OpenFeaturePoCTests;
			sourceTree = "<group>";
		};
		372E336F2DF9A9320063F2BC /* OpenFeaturePoCUITests */ = {
			isa = PBXFileSystemSynchronizedRootGroup;
			path = OpenFeaturePoCUITests;
			sourceTree = "<group>";
		};
/* End PBXFileSystemSynchronizedRootGroup section */

/* Begin PBXFrameworksBuildPhase section */
		372E33522DF9A9300063F2BC /* Frameworks */ = {
			isa = PBXFrameworksBuildPhase;
			buildActionMask = 2147483647;
			files = (
				372E33812DF9ABC40063F2BC /* OpenFeature in Frameworks */,
			);
			runOnlyForDeploymentPostprocessing = 0;
		};
		372E335F2DF9A9320063F2BC /* Frameworks */ = {
			isa = PBXFrameworksBuildPhase;
			buildActionMask = 2147483647;
			files = (
			);
			runOnlyForDeploymentPostprocessing = 0;
		};
		372E33692DF9A9320063F2BC /* Frameworks */ = {
			isa = PBXFrameworksBuildPhase;
			buildActionMask = 2147483647;
			files = (
			);
			runOnlyForDeploymentPostprocessing = 0;
		};
/* End PBXFrameworksBuildPhase section */

/* Begin PBXGroup section */
		372E334C2DF9A92F0063F2BC = {
			isa = PBXGroup;
			children = (
				37C90F492DFF19C3005A1049 /* Config.xcconfig */,
				37C90F1F2DFEE357005A1049 /* README.md */,
				372E33572DF9A9300063F2BC /* OpenFeaturePoC */,
				372E33652DF9A9320063F2BC /* OpenFeaturePoCTests */,
				372E336F2DF9A9320063F2BC /* OpenFeaturePoCUITests */,
				372E33562DF9A9300063F2BC /* Products */,
			);
			indentWidth = 2;
			sourceTree = "<group>";
			tabWidth = 2;
		};
		372E33562DF9A9300063F2BC /* Products */ = {
			isa = PBXGroup;
			children = (
				372E33552DF9A9300063F2BC /* OpenFeaturePoC.app */,
				372E33622DF9A9320063F2BC /* OpenFeaturePoCTests.xctest */,
				372E336C2DF9A9320063F2BC /* OpenFeaturePoCUITests.xctest */,
			);
			name = Products;
			sourceTree = "<group>";
		};
/* End PBXGroup section */

/* Begin PBXNativeTarget section */
		372E33542DF9A9300063F2BC /* OpenFeaturePoC */ = {
			isa = PBXNativeTarget;
			buildConfigurationList = 372E33762DF9A9320063F2BC /* Build configuration list for PBXNativeTarget "OpenFeaturePoC" */;
			buildPhases = (
				372E33512DF9A9300063F2BC /* Sources */,
				372E33522DF9A9300063F2BC /* Frameworks */,
				372E33532DF9A9300063F2BC /* Resources */,
				37C90F472DFEE780005A1049 /* SwiftLint */,
				37C90F482DFEE7AD005A1049 /* SwiftFormat */,
			);
			buildRules = (
			);
			dependencies = (
			);
			fileSystemSynchronizedGroups = (
				372E33572DF9A9300063F2BC /* OpenFeaturePoC */,
			);
			name = OpenFeaturePoC;
			packageProductDependencies = (
				372E33802DF9ABC40063F2BC /* OpenFeature */,
			);
			productName = OpenFeaturePoC;
			productReference = 372E33552DF9A9300063F2BC /* OpenFeaturePoC.app */;
			productType = "com.apple.product-type.application";
		};
		372E33612DF9A9320063F2BC /* OpenFeaturePoCTests */ = {
			isa = PBXNativeTarget;
			buildConfigurationList = 372E33792DF9A9320063F2BC /* Build configuration list for PBXNativeTarget "OpenFeaturePoCTests" */;
			buildPhases = (
				372E335E2DF9A9320063F2BC /* Sources */,
				372E335F2DF9A9320063F2BC /* Frameworks */,
				372E33602DF9A9320063F2BC /* Resources */,
			);
			buildRules = (
			);
			dependencies = (
				372E33642DF9A9320063F2BC /* PBXTargetDependency */,
			);
			fileSystemSynchronizedGroups = (
				372E33652DF9A9320063F2BC /* OpenFeaturePoCTests */,
			);
			name = OpenFeaturePoCTests;
			packageProductDependencies = (
			);
			productName = OpenFeaturePoCTests;
			productReference = 372E33622DF9A9320063F2BC /* OpenFeaturePoCTests.xctest */;
			productType = "com.apple.product-type.bundle.unit-test";
		};
		372E336B2DF9A9320063F2BC /* OpenFeaturePoCUITests */ = {
			isa = PBXNativeTarget;
			buildConfigurationList = 372E337C2DF9A9320063F2BC /* Build configuration list for PBXNativeTarget "OpenFeaturePoCUITests" */;
			buildPhases = (
				372E33682DF9A9320063F2BC /* Sources */,
				372E33692DF9A9320063F2BC /* Frameworks */,
				372E336A2DF9A9320063F2BC /* Resources */,
			);
			buildRules = (
			);
			dependencies = (
				372E336E2DF9A9320063F2BC /* PBXTargetDependency */,
			);
			fileSystemSynchronizedGroups = (
				372E336F2DF9A9320063F2BC /* OpenFeaturePoCUITests */,
			);
			name = OpenFeaturePoCUITests;
			packageProductDependencies = (
			);
			productName = OpenFeaturePoCUITests;
			productReference = 372E336C2DF9A9320063F2BC /* OpenFeaturePoCUITests.xctest */;
			productType = "com.apple.product-type.bundle.ui-testing";
		};
/* End PBXNativeTarget section */

/* Begin PBXProject section */
		372E334D2DF9A92F0063F2BC /* Project object */ = {
			isa = PBXProject;
			attributes = {
				BuildIndependentTargetsInParallel = 1;
				LastSwiftUpdateCheck = 1640;
				LastUpgradeCheck = 1640;
				TargetAttributes = {
					372E33542DF9A9300063F2BC = {
						CreatedOnToolsVersion = 16.4;
					};
					372E33612DF9A9320063F2BC = {
						CreatedOnToolsVersion = 16.4;
						TestTargetID = 372E33542DF9A9300063F2BC;
					};
					372E336B2DF9A9320063F2BC = {
						CreatedOnToolsVersion = 16.4;
						TestTargetID = 372E33542DF9A9300063F2BC;
					};
				};
			};
			buildConfigurationList = 372E33502DF9A92F0063F2BC /* Build configuration list for PBXProject "OpenFeaturePoC" */;
			developmentRegion = en;
			hasScannedForEncodings = 0;
			knownRegions = (
				en,
				Base,
			);
			mainGroup = 372E334C2DF9A92F0063F2BC;
			minimizedProjectReferenceProxies = 1;
			packageReferences = (
				372E337F2DF9ABC40063F2BC /* XCRemoteSwiftPackageReference "swift-sdk" */,
			);
			preferredProjectObjectVersion = 77;
			productRefGroup = 372E33562DF9A9300063F2BC /* Products */;
			projectDirPath = "";
			projectRoot = "";
			targets = (
				372E33542DF9A9300063F2BC /* OpenFeaturePoC */,
				372E33612DF9A9320063F2BC /* OpenFeaturePoCTests */,
				372E336B2DF9A9320063F2BC /* OpenFeaturePoCUITests */,
			);
		};
/* End PBXProject section */

/* Begin PBXResourcesBuildPhase section */
		372E33532DF9A9300063F2BC /* Resources */ = {
			isa = PBXResourcesBuildPhase;
			buildActionMask = 2147483647;
			files = (
				37C90F202DFEE35F005A1049 /* README.md in Resources */,
				37C90F4A2DFF19C3005A1049 /* Config.xcconfig in Resources */,
			);
			runOnlyForDeploymentPostprocessing = 0;
		};
		372E33602DF9A9320063F2BC /* Resources */ = {
			isa = PBXResourcesBuildPhase;
			buildActionMask = 2147483647;
			files = (
			);
			runOnlyForDeploymentPostprocessing = 0;
		};
		372E336A2DF9A9320063F2BC /* Resources */ = {
			isa = PBXResourcesBuildPhase;
			buildActionMask = 2147483647;
			files = (
			);
			runOnlyForDeploymentPostprocessing = 0;
		};
/* End PBXResourcesBuildPhase section */

/* Begin PBXShellScriptBuildPhase section */
		37C90F472DFEE780005A1049 /* SwiftLint */ = {
			isa = PBXShellScriptBuildPhase;
			alwaysOutOfDate = 1;
			buildActionMask = 2147483647;
			files = (
			);
			inputFileListPaths = (
			);
			inputPaths = (
			);
			name = SwiftLint;
			outputFileListPaths = (
			);
			outputPaths = (
			);
			runOnlyForDeploymentPostprocessing = 0;
			shellPath = /bin/sh;
			shellScript = "if [[ \"$(uname -m)\" == arm64 ]]\nthen\n    export PATH=\"/opt/homebrew/bin:$PATH\"\nfi\n    \nif which xcrun >/dev/null; then\n  xcrun --sdk macosx /opt/homebrew/bin/swiftlint --config \"${SRCROOT}/.swiftlint.yml\"\nelse\n  echo \"warning: SwiftLint not installed\"\nfi\n";
		};
		37C90F482DFEE7AD005A1049 /* SwiftFormat */ = {
			isa = PBXShellScriptBuildPhase;
			alwaysOutOfDate = 1;
			buildActionMask = 2147483647;
			files = (
			);
			inputFileListPaths = (
			);
			inputPaths = (
			);
			name = SwiftFormat;
			outputFileListPaths = (
			);
			outputPaths = (
			);
			runOnlyForDeploymentPostprocessing = 0;
			shellPath = /bin/sh;
			shellScript = "if [ -x /opt/homebrew/bin/swiftformat ]; then\n  echo \"Running SwiftFormat...\"\n  echo \"/opt/homebrew/bin/swiftformat ${SRCROOT} --config ${SRCROOT}/.swiftformat\"\n  /opt/homebrew/bin/swiftformat \"${SRCROOT}\" --config \"${SRCROOT}/.swiftformat\"\nelse\n  echo \"warning: SwiftFormat not installed\"\nfi\n";
		};
/* End PBXShellScriptBuildPhase section */

/* Begin PBXSourcesBuildPhase section */
		372E33512DF9A9300063F2BC /* Sources */ = {
			isa = PBXSourcesBuildPhase;
			buildActionMask = 2147483647;
			files = (
			);
			runOnlyForDeploymentPostprocessing = 0;
		};
		372E335E2DF9A9320063F2BC /* Sources */ = {
			isa = PBXSourcesBuildPhase;
			buildActionMask = 2147483647;
			files = (
			);
			runOnlyForDeploymentPostprocessing = 0;
		};
		372E33682DF9A9320063F2BC /* Sources */ = {
			isa = PBXSourcesBuildPhase;
			buildActionMask = 2147483647;
			files = (
			);
			runOnlyForDeploymentPostprocessing = 0;
		};
/* End PBXSourcesBuildPhase section */

/* Begin PBXTargetDependency section */
		372E33642DF9A9320063F2BC /* PBXTargetDependency */ = {
			isa = PBXTargetDependency;
			target = 372E33542DF9A9300063F2BC /* OpenFeaturePoC */;
			targetProxy = 372E33632DF9A9320063F2BC /* PBXContainerItemProxy */;
		};
		372E336E2DF9A9320063F2BC /* PBXTargetDependency */ = {
			isa = PBXTargetDependency;
			target = 372E33542DF9A9300063F2BC /* OpenFeaturePoC */;
			targetProxy = 372E336D2DF9A9320063F2BC /* PBXContainerItemProxy */;
		};
/* End PBXTargetDependency section */

/* Begin XCBuildConfiguration section */
		372E33742DF9A9320063F2BC /* Debug */ = {
			isa = XCBuildConfiguration;
			baseConfigurationReference = 37C90F492DFF19C3005A1049 /* Config.xcconfig */;
			buildSettings = {
				ALWAYS_SEARCH_USER_PATHS = NO;
				ASSETCATALOG_COMPILER_GENERATE_SWIFT_ASSET_SYMBOL_EXTENSIONS = YES;
				CLANG_ANALYZER_NONNULL = YES;
				CLANG_ANALYZER_NUMBER_OBJECT_CONVERSION = YES_AGGRESSIVE;
				CLANG_CXX_LANGUAGE_STANDARD = "gnu++20";
				CLANG_ENABLE_MODULES = YES;
				CLANG_ENABLE_OBJC_ARC = YES;
				CLANG_ENABLE_OBJC_WEAK = YES;
				CLANG_WARN_BLOCK_CAPTURE_AUTORELEASING = YES;
				CLANG_WARN_BOOL_CONVERSION = YES;
				CLANG_WARN_COMMA = YES;
				CLANG_WARN_CONSTANT_CONVERSION = YES;
				CLANG_WARN_DEPRECATED_OBJC_IMPLEMENTATIONS = YES;
				CLANG_WARN_DIRECT_OBJC_ISA_USAGE = YES_ERROR;
				CLANG_WARN_DOCUMENTATION_COMMENTS = YES;
				CLANG_WARN_EMPTY_BODY = YES;
				CLANG_WARN_ENUM_CONVERSION = YES;
				CLANG_WARN_INFINITE_RECURSION = YES;
				CLANG_WARN_INT_CONVERSION = YES;
				CLANG_WARN_NON_LITERAL_NULL_CONVERSION = YES;
				CLANG_WARN_OBJC_IMPLICIT_RETAIN_SELF = YES;
				CLANG_WARN_OBJC_LITERAL_CONVERSION = YES;
				CLANG_WARN_OBJC_ROOT_CLASS = YES_ERROR;
				CLANG_WARN_QUOTED_INCLUDE_IN_FRAMEWORK_HEADER = YES;
				CLANG_WARN_RANGE_LOOP_ANALYSIS = YES;
				CLANG_WARN_STRICT_PROTOTYPES = YES;
				CLANG_WARN_SUSPICIOUS_MOVE = YES;
				CLANG_WARN_UNGUARDED_AVAILABILITY = YES_AGGRESSIVE;
				CLANG_WARN_UNREACHABLE_CODE = YES;
				CLANG_WARN__DUPLICATE_METHOD_MATCH = YES;
				COPY_PHASE_STRIP = NO;
				DEBUG_INFORMATION_FORMAT = dwarf;
				DEVELOPMENT_TEAM = 6FJ8MX2K25;
				ENABLE_STRICT_OBJC_MSGSEND = YES;
				ENABLE_TESTABILITY = YES;
				ENABLE_USER_SCRIPT_SANDBOXING = YES;
				FLAGSMITH_ENVIRONMENT_KEY = "$(FLAGSMITH_ENV_KEY)";
				GCC_C_LANGUAGE_STANDARD = gnu17;
				GCC_DYNAMIC_NO_PIC = NO;
				GCC_NO_COMMON_BLOCKS = YES;
				GCC_OPTIMIZATION_LEVEL = 0;
				GCC_PREPROCESSOR_DEFINITIONS = (
					"DEBUG=1",
					"$(inherited)",
				);
				GCC_WARN_64_TO_32_BIT_CONVERSION = YES;
				GCC_WARN_ABOUT_RETURN_TYPE = YES_ERROR;
				GCC_WARN_UNDECLARED_SELECTOR = YES;
				GCC_WARN_UNINITIALIZED_AUTOS = YES_AGGRESSIVE;
				GCC_WARN_UNUSED_FUNCTION = YES;
				GCC_WARN_UNUSED_VARIABLE = YES;
				IPHONEOS_DEPLOYMENT_TARGET = 18.5;
				LOCALIZATION_PREFERS_STRING_CATALOGS = YES;
				MTL_ENABLE_DEBUG_INFO = INCLUDE_SOURCE;
				MTL_FAST_MATH = YES;
				ONLY_ACTIVE_ARCH = YES;
				SDKROOT = iphoneos;
				SWIFT_ACTIVE_COMPILATION_CONDITIONS = "DEBUG $(inherited)";
				SWIFT_OPTIMIZATION_LEVEL = "-Onone";
			};
			name = Debug;
		};
		372E33752DF9A9320063F2BC /* Release */ = {
			isa = XCBuildConfiguration;
			baseConfigurationReference = 37C90F492DFF19C3005A1049 /* Config.xcconfig */;
			buildSettings = {
				ALWAYS_SEARCH_USER_PATHS = NO;
				ASSETCATALOG_COMPILER_GENERATE_SWIFT_ASSET_SYMBOL_EXTENSIONS = YES;
				CLANG_ANALYZER_NONNULL = YES;
				CLANG_ANALYZER_NUMBER_OBJECT_CONVERSION = YES_AGGRESSIVE;
				CLANG_CXX_LANGUAGE_STANDARD = "gnu++20";
				CLANG_ENABLE_MODULES = YES;
				CLANG_ENABLE_OBJC_ARC = YES;
				CLANG_ENABLE_OBJC_WEAK = YES;
				CLANG_WARN_BLOCK_CAPTURE_AUTORELEASING = YES;
				CLANG_WARN_BOOL_CONVERSION = YES;
				CLANG_WARN_COMMA = YES;
				CLANG_WARN_CONSTANT_CONVERSION = YES;
				CLANG_WARN_DEPRECATED_OBJC_IMPLEMENTATIONS = YES;
				CLANG_WARN_DIRECT_OBJC_ISA_USAGE = YES_ERROR;
				CLANG_WARN_DOCUMENTATION_COMMENTS = YES;
				CLANG_WARN_EMPTY_BODY = YES;
				CLANG_WARN_ENUM_CONVERSION = YES;
				CLANG_WARN_INFINITE_RECURSION = YES;
				CLANG_WARN_INT_CONVERSION = YES;
				CLANG_WARN_NON_LITERAL_NULL_CONVERSION = YES;
				CLANG_WARN_OBJC_IMPLICIT_RETAIN_SELF = YES;
				CLANG_WARN_OBJC_LITERAL_CONVERSION = YES;
				CLANG_WARN_OBJC_ROOT_CLASS = YES_ERROR;
				CLANG_WARN_QUOTED_INCLUDE_IN_FRAMEWORK_HEADER = YES;
				CLANG_WARN_RANGE_LOOP_ANALYSIS = YES;
				CLANG_WARN_STRICT_PROTOTYPES = YES;
				CLANG_WARN_SUSPICIOUS_MOVE = YES;
				CLANG_WARN_UNGUARDED_AVAILABILITY = YES_AGGRESSIVE;
				CLANG_WARN_UNREACHABLE_CODE = YES;
				CLANG_WARN__DUPLICATE_METHOD_MATCH = YES;
				COPY_PHASE_STRIP = NO;
				DEBUG_INFORMATION_FORMAT = "dwarf-with-dsym";
				DEVELOPMENT_TEAM = 6FJ8MX2K25;
				ENABLE_NS_ASSERTIONS = NO;
				ENABLE_STRICT_OBJC_MSGSEND = YES;
				ENABLE_USER_SCRIPT_SANDBOXING = YES;
				FLAGSMITH_ENVIRONMENT_KEY = "$(FLAGSMITH_ENV_KEY)";
				GCC_C_LANGUAGE_STANDARD = gnu17;
				GCC_NO_COMMON_BLOCKS = YES;
				GCC_WARN_64_TO_32_BIT_CONVERSION = YES;
				GCC_WARN_ABOUT_RETURN_TYPE = YES_ERROR;
				GCC_WARN_UNDECLARED_SELECTOR = YES;
				GCC_WARN_UNINITIALIZED_AUTOS = YES_AGGRESSIVE;
				GCC_WARN_UNUSED_FUNCTION = YES;
				GCC_WARN_UNUSED_VARIABLE = YES;
				IPHONEOS_DEPLOYMENT_TARGET = 18.5;
				LOCALIZATION_PREFERS_STRING_CATALOGS = YES;
				MTL_ENABLE_DEBUG_INFO = NO;
				MTL_FAST_MATH = YES;
				SDKROOT = iphoneos;
				SWIFT_COMPILATION_MODE = wholemodule;
				VALIDATE_PRODUCT = YES;
			};
			name = Release;
		};
		372E33772DF9A9320063F2BC /* Debug */ = {
			isa = XCBuildConfiguration;
			buildSettings = {
				ASSETCATALOG_COMPILER_APPICON_NAME = AppIcon;
				ASSETCATALOG_COMPILER_GLOBAL_ACCENT_COLOR_NAME = AccentColor;
				CODE_SIGN_STYLE = Automatic;
				CURRENT_PROJECT_VERSION = 1;
				DEVELOPMENT_TEAM = 6FJ8MX2K25;
				ENABLE_PREVIEWS = YES;
				ENABLE_USER_SCRIPT_SANDBOXING = NO;
				INFOPLIST_FILE = "$(TARGET_NAME)/Info.plist";
				INFOPLIST_KEY_UIApplicationSceneManifest_Generation = YES;
				INFOPLIST_KEY_UIApplicationSupportsIndirectInputEvents = YES;
				INFOPLIST_KEY_UILaunchScreen_Generation = YES;
				INFOPLIST_KEY_UISupportedInterfaceOrientations_iPad = "UIInterfaceOrientationPortrait UIInterfaceOrientationPortraitUpsideDown UIInterfaceOrientationLandscapeLeft UIInterfaceOrientationLandscapeRight";
				INFOPLIST_KEY_UISupportedInterfaceOrientations_iPhone = "UIInterfaceOrientationPortrait UIInterfaceOrientationLandscapeLeft UIInterfaceOrientationLandscapeRight";
				LD_RUNPATH_SEARCH_PATHS = (
					"$(inherited)",
					"@executable_path/Frameworks",
				);
				MARKETING_VERSION = 1.0;
				NEW_SETTING = "";
				PRODUCT_BUNDLE_IDENTIFIER = com.oleksa.OpenFeaturePoC;
				PRODUCT_NAME = "$(TARGET_NAME)";
				SWIFT_EMIT_LOC_STRINGS = YES;
				SWIFT_VERSION = 5.0;
				TARGETED_DEVICE_FAMILY = "1,2";
			};
			name = Debug;
		};
		372E33782DF9A9320063F2BC /* Release */ = {
			isa = XCBuildConfiguration;
			buildSettings = {
				ASSETCATALOG_COMPILER_APPICON_NAME = AppIcon;
				ASSETCATALOG_COMPILER_GLOBAL_ACCENT_COLOR_NAME = AccentColor;
				CODE_SIGN_STYLE = Automatic;
				CURRENT_PROJECT_VERSION = 1;
				DEVELOPMENT_TEAM = 6FJ8MX2K25;
				ENABLE_PREVIEWS = YES;
				ENABLE_USER_SCRIPT_SANDBOXING = NO;
				INFOPLIST_FILE = "$(TARGET_NAME)/Info.plist";
				INFOPLIST_KEY_UIApplicationSceneManifest_Generation = YES;
				INFOPLIST_KEY_UIApplicationSupportsIndirectInputEvents = YES;
				INFOPLIST_KEY_UILaunchScreen_Generation = YES;
				INFOPLIST_KEY_UISupportedInterfaceOrientations_iPad = "UIInterfaceOrientationPortrait UIInterfaceOrientationPortraitUpsideDown UIInterfaceOrientationLandscapeLeft UIInterfaceOrientationLandscapeRight";
				INFOPLIST_KEY_UISupportedInterfaceOrientations_iPhone = "UIInterfaceOrientationPortrait UIInterfaceOrientationLandscapeLeft UIInterfaceOrientationLandscapeRight";
				LD_RUNPATH_SEARCH_PATHS = (
					"$(inherited)",
					"@executable_path/Frameworks",
				);
				MARKETING_VERSION = 1.0;
				NEW_SETTING = "";
				PRODUCT_BUNDLE_IDENTIFIER = com.oleksa.OpenFeaturePoC;
				PRODUCT_NAME = "$(TARGET_NAME)";
				SWIFT_EMIT_LOC_STRINGS = YES;
				SWIFT_VERSION = 5.0;
				TARGETED_DEVICE_FAMILY = "1,2";
			};
			name = Release;
		};
		372E337A2DF9A9320063F2BC /* Debug */ = {
			isa = XCBuildConfiguration;
			buildSettings = {
				BUNDLE_LOADER = "$(TEST_HOST)";
				CODE_SIGN_STYLE = Automatic;
				CURRENT_PROJECT_VERSION = 1;
				DEVELOPMENT_TEAM = 6FJ8MX2K25;
				GENERATE_INFOPLIST_FILE = YES;
				IPHONEOS_DEPLOYMENT_TARGET = 18.5;
				MARKETING_VERSION = 1.0;
				PRODUCT_BUNDLE_IDENTIFIER = com.oleksa.OpenFeaturePoCTests;
				PRODUCT_NAME = "$(TARGET_NAME)";
				SWIFT_EMIT_LOC_STRINGS = NO;
				SWIFT_VERSION = 5.0;
				TARGETED_DEVICE_FAMILY = "1,2";
				TEST_HOST = "$(BUILT_PRODUCTS_DIR)/OpenFeaturePoC.app/$(BUNDLE_EXECUTABLE_FOLDER_PATH)/OpenFeaturePoC";
			};
			name = Debug;
		};
		372E337B2DF9A9320063F2BC /* Release */ = {
			isa = XCBuildConfiguration;
			buildSettings = {
				BUNDLE_LOADER = "$(TEST_HOST)";
				CODE_SIGN_STYLE = Automatic;
				CURRENT_PROJECT_VERSION = 1;
				DEVELOPMENT_TEAM = 6FJ8MX2K25;
				GENERATE_INFOPLIST_FILE = YES;
				IPHONEOS_DEPLOYMENT_TARGET = 18.5;
				MARKETING_VERSION = 1.0;
				PRODUCT_BUNDLE_IDENTIFIER = com.oleksa.OpenFeaturePoCTests;
				PRODUCT_NAME = "$(TARGET_NAME)";
				SWIFT_EMIT_LOC_STRINGS = NO;
				SWIFT_VERSION = 5.0;
				TARGETED_DEVICE_FAMILY = "1,2";
				TEST_HOST = "$(BUILT_PRODUCTS_DIR)/OpenFeaturePoC.app/$(BUNDLE_EXECUTABLE_FOLDER_PATH)/OpenFeaturePoC";
			};
			name = Release;
		};
		372E337D2DF9A9320063F2BC /* Debug */ = {
			isa = XCBuildConfiguration;
			buildSettings = {
				CODE_SIGN_STYLE = Automatic;
				CURRENT_PROJECT_VERSION = 1;
				DEVELOPMENT_TEAM = 6FJ8MX2K25;
				GENERATE_INFOPLIST_FILE = YES;
				MARKETING_VERSION = 1.0;
				PRODUCT_BUNDLE_IDENTIFIER = com.oleksa.OpenFeaturePoCUITests;
				PRODUCT_NAME = "$(TARGET_NAME)";
				SWIFT_EMIT_LOC_STRINGS = NO;
				SWIFT_VERSION = 5.0;
				TARGETED_DEVICE_FAMILY = "1,2";
				TEST_TARGET_NAME = OpenFeaturePoC;
			};
			name = Debug;
		};
		372E337E2DF9A9320063F2BC /* Release */ = {
			isa = XCBuildConfiguration;
			buildSettings = {
				CODE_SIGN_STYLE = Automatic;
				CURRENT_PROJECT_VERSION = 1;
				DEVELOPMENT_TEAM = 6FJ8MX2K25;
				GENERATE_INFOPLIST_FILE = YES;
				MARKETING_VERSION = 1.0;
				PRODUCT_BUNDLE_IDENTIFIER = com.oleksa.OpenFeaturePoCUITests;
				PRODUCT_NAME = "$(TARGET_NAME)";
				SWIFT_EMIT_LOC_STRINGS = NO;
				SWIFT_VERSION = 5.0;
				TARGETED_DEVICE_FAMILY = "1,2";
				TEST_TARGET_NAME = OpenFeaturePoC;
			};
			name = Release;
		};
/* End XCBuildConfiguration section */

/* Begin XCConfigurationList section */
		372E33502DF9A92F0063F2BC /* Build configuration list for PBXProject "OpenFeaturePoC" */ = {
			isa = XCConfigurationList;
			buildConfigurations = (
				372E33742DF9A9320063F2BC /* Debug */,
				372E33752DF9A9320063F2BC /* Release */,
			);
			defaultConfigurationIsVisible = 0;
			defaultConfigurationName = Release;
		};
		372E33762DF9A9320063F2BC /* Build configuration list for PBXNativeTarget "OpenFeaturePoC" */ = {
			isa = XCConfigurationList;
			buildConfigurations = (
				372E33772DF9A9320063F2BC /* Debug */,
				372E33782DF9A9320063F2BC /* Release */,
			);
			defaultConfigurationIsVisible = 0;
			defaultConfigurationName = Release;
		};
		372E33792DF9A9320063F2BC /* Build configuration list for PBXNativeTarget "OpenFeaturePoCTests" */ = {
			isa = XCConfigurationList;
			buildConfigurations = (
				372E337A2DF9A9320063F2BC /* Debug */,
				372E337B2DF9A9320063F2BC /* Release */,
			);
			defaultConfigurationIsVisible = 0;
			defaultConfigurationName = Release;
		};
		372E337C2DF9A9320063F2BC /* Build configuration list for PBXNativeTarget "OpenFeaturePoCUITests" */ = {
			isa = XCConfigurationList;
			buildConfigurations = (
				372E337D2DF9A9320063F2BC /* Debug */,
				372E337E2DF9A9320063F2BC /* Release */,
			);
			defaultConfigurationIsVisible = 0;
			defaultConfigurationName = Release;
		};
/* End XCConfigurationList section */

/* Begin XCRemoteSwiftPackageReference section */
		372E337F2DF9ABC40063F2BC /* XCRemoteSwiftPackageReference "swift-sdk" */ = {
			isa = XCRemoteSwiftPackageReference;
			repositoryURL = "https://github.com/open-feature/swift-sdk.git";
			requirement = {
				kind = upToNextMajorVersion;
				minimumVersion = 0.3.0;
			};
		};
/* End XCRemoteSwiftPackageReference section */

/* Begin XCSwiftPackageProductDependency section */
		372E33802DF9ABC40063F2BC /* OpenFeature */ = {
			isa = XCSwiftPackageProductDependency;
			package = 372E337F2DF9ABC40063F2BC /* XCRemoteSwiftPackageReference "swift-sdk" */;
			productName = OpenFeature;
		};
/* End XCSwiftPackageProductDependency section */
	};
	rootObject = 372E334D2DF9A92F0063F2BC /* Project object */;
}
